// !$*UTF8*$!
{
	archiveVersion = 1;
	classes = {
	};
	objectVersion = 46;
	objects = {

/* Begin PBXBuildFile section */
		14D8C521192CF49000F050F9 /* Foundation.framework in Frameworks */ = {isa = PBXBuildFile; fileRef = 14D8C520192CF49000F050F9 /* Foundation.framework */; };
		14D8C523192CF49000F050F9 /* CoreGraphics.framework in Frameworks */ = {isa = PBXBuildFile; fileRef = 14D8C522192CF49000F050F9 /* CoreGraphics.framework */; };
		14D8C525192CF49000F050F9 /* UIKit.framework in Frameworks */ = {isa = PBXBuildFile; fileRef = 14D8C524192CF49000F050F9 /* UIKit.framework */; };
		14D8C52B192CF49000F050F9 /* InfoPlist.strings in Resources */ = {isa = PBXBuildFile; fileRef = 14D8C529192CF49000F050F9 /* InfoPlist.strings */; };
		14D8C52D192CF49000F050F9 /* main.m in Sources */ = {isa = PBXBuildFile; fileRef = 14D8C52C192CF49000F050F9 /* main.m */; };
		14D8C531192CF49000F050F9 /* MYAppDelegate.m in Sources */ = {isa = PBXBuildFile; fileRef = 14D8C530192CF49000F050F9 /* MYAppDelegate.m */; };
		14D8C534192CF49000F050F9 /* Main.storyboard in Resources */ = {isa = PBXBuildFile; fileRef = 14D8C532192CF49000F050F9 /* Main.storyboard */; };
		14D8C537192CF49000F050F9 /* MYViewController.m in Sources */ = {isa = PBXBuildFile; fileRef = 14D8C536192CF49000F050F9 /* MYViewController.m */; };
		14D8C539192CF49000F050F9 /* Images.xcassets in Resources */ = {isa = PBXBuildFile; fileRef = 14D8C538192CF49000F050F9 /* Images.xcassets */; };
		14D8C540192CF49000F050F9 /* XCTest.framework in Frameworks */ = {isa = PBXBuildFile; fileRef = 14D8C53F192CF49000F050F9 /* XCTest.framework */; };
		14D8C541192CF49000F050F9 /* Foundation.framework in Frameworks */ = {isa = PBXBuildFile; fileRef = 14D8C520192CF49000F050F9 /* Foundation.framework */; };
		14D8C542192CF49000F050F9 /* UIKit.framework in Frameworks */ = {isa = PBXBuildFile; fileRef = 14D8C524192CF49000F050F9 /* UIKit.framework */; };
		14D8C54A192CF49000F050F9 /* InfoPlist.strings in Resources */ = {isa = PBXBuildFile; fileRef = 14D8C548192CF49000F050F9 /* InfoPlist.strings */; };
		14D8C54C192CF49000F050F9 /* CollectionTransitionStudyTests.m in Sources */ = {isa = PBXBuildFile; fileRef = 14D8C54B192CF49000F050F9 /* CollectionTransitionStudyTests.m */; };
/* End PBXBuildFile section */

/* Begin PBXContainerItemProxy section */
		14D8C543192CF49000F050F9 /* PBXContainerItemProxy */ = {
			isa = PBXContainerItemProxy;
			containerPortal = 14D8C515192CF49000F050F9 /* Project object */;
			proxyType = 1;
			remoteGlobalIDString = 14D8C51C192CF49000F050F9;
			remoteInfo = CollectionTransitionStudy;
		};
/* End PBXContainerItemProxy section */

/* Begin PBXFileReference section */
		14D8C51D192CF49000F050F9 /* CollectionTransitionStudy.app */ = {isa = PBXFileReference; explicitFileType = wrapper.application; includeInIndex = 0; path = CollectionTransitionStudy.app; sourceTree = BUILT_PRODUCTS_DIR; };
		14D8C520192CF49000F050F9 /* Foundation.framework */ = {isa = PBXFileReference; lastKnownFileType = wrapper.framework; name = Foundation.framework; path = System/Library/Frameworks/Foundation.framework; sourceTree = SDKROOT; };
		14D8C522192CF49000F050F9 /* CoreGraphics.framework */ = {isa = PBXFileReference; lastKnownFileType = wrapper.framework; name = CoreGraphics.framework; path = System/Library/Frameworks/CoreGraphics.framework; sourceTree = SDKROOT; };
		14D8C524192CF49000F050F9 /* UIKit.framework */ = {isa = PBXFileReference; lastKnownFileType = wrapper.framework; name = UIKit.framework; path = System/Library/Frameworks/UIKit.framework; sourceTree = SDKROOT; };
		14D8C528192CF49000F050F9 /* CollectionTransitionStudy-Info.plist */ = {isa = PBXFileReference; lastKnownFileType = text.plist.xml; path = "CollectionTransitionStudy-Info.plist"; sourceTree = "<group>"; };
		14D8C52A192CF49000F050F9 /* en */ = {isa = PBXFileReference; lastKnownFileType = text.plist.strings; name = en; path = en.lproj/InfoPlist.strings; sourceTree = "<group>"; };
		14D8C52C192CF49000F050F9 /* main.m */ = {isa = PBXFileReference; lastKnownFileType = sourcecode.c.objc; path = main.m; sourceTree = "<group>"; };
		14D8C52E192CF49000F050F9 /* CollectionTransitionStudy-Prefix.pch */ = {isa = PBXFileReference; lastKnownFileType = sourcecode.c.h; path = "CollectionTransitionStudy-Prefix.pch"; sourceTree = "<group>"; };
		14D8C52F192CF49000F050F9 /* MYAppDelegate.h */ = {isa = PBXFileReference; lastKnownFileType = sourcecode.c.h; path = MYAppDelegate.h; sourceTree = "<group>"; };
		14D8C530192CF49000F050F9 /* MYAppDelegate.m */ = {isa = PBXFileReference; lastKnownFileType = sourcecode.c.objc; path = MYAppDelegate.m; sourceTree = "<group>"; };
		14D8C533192CF49000F050F9 /* Base */ = {isa = PBXFileReference; lastKnownFileType = file.storyboard; name = Base; path = Base.lproj/Main.storyboard; sourceTree = "<group>"; };
		14D8C535192CF49000F050F9 /* MYViewController.h */ = {isa = PBXFileReference; lastKnownFileType = sourcecode.c.h; path = MYViewController.h; sourceTree = "<group>"; };
		14D8C536192CF49000F050F9 /* MYViewController.m */ = {isa = PBXFileReference; lastKnownFileType = sourcecode.c.objc; path = MYViewController.m; sourceTree = "<group>"; };
		14D8C538192CF49000F050F9 /* Images.xcassets */ = {isa = PBXFileReference; lastKnownFileType = folder.assetcatalog; path = Images.xcassets; sourceTree = "<group>"; };
		14D8C53E192CF49000F050F9 /* CollectionTransitionStudyTests.xctest */ = {isa = PBXFileReference; explicitFileType = wrapper.cfbundle; includeInIndex = 0; path = CollectionTransitionStudyTests.xctest; sourceTree = BUILT_PRODUCTS_DIR; };
		14D8C53F192CF49000F050F9 /* XCTest.framework */ = {isa = PBXFileReference; lastKnownFileType = wrapper.framework; name = XCTest.framework; path = Library/Frameworks/XCTest.framework; sourceTree = DEVELOPER_DIR; };
		14D8C547192CF49000F050F9 /* CollectionTransitionStudyTests-Info.plist */ = {isa = PBXFileReference; lastKnownFileType = text.plist.xml; path = "CollectionTransitionStudyTests-Info.plist"; sourceTree = "<group>"; };
		14D8C549192CF49000F050F9 /* en */ = {isa = PBXFileReference; lastKnownFileType = text.plist.strings; name = en; path = en.lproj/InfoPlist.strings; sourceTree = "<group>"; };
		14D8C54B192CF49000F050F9 /* CollectionTransitionStudyTests.m */ = {isa = PBXFileReference; lastKnownFileType = sourcecode.c.objc; path = CollectionTransitionStudyTests.m; sourceTree = "<group>"; };
/* End PBXFileReference section */

/* Begin PBXFrameworksBuildPhase section */
		14D8C51A192CF49000F050F9 /* Frameworks */ = {
			isa = PBXFrameworksBuildPhase;
			buildActionMask = 2147483647;
			files = (
				14D8C523192CF49000F050F9 /* CoreGraphics.framework in Frameworks */,
				14D8C525192CF49000F050F9 /* UIKit.framework in Frameworks */,
				14D8C521192CF49000F050F9 /* Foundation.framework in Frameworks */,
			);
			runOnlyForDeploymentPostprocessing = 0;
		};
		14D8C53B192CF49000F050F9 /* Frameworks */ = {
			isa = PBXFrameworksBuildPhase;
			buildActionMask = 2147483647;
			files = (
				14D8C540192CF49000F050F9 /* XCTest.framework in Frameworks */,
				14D8C542192CF49000F050F9 /* UIKit.framework in Frameworks */,
				14D8C541192CF49000F050F9 /* Foundation.framework in Frameworks */,
			);
			runOnlyForDeploymentPostprocessing = 0;
		};
/* End PBXFrameworksBuildPhase section */

/* Begin PBXGroup section */
		14D8C514192CF49000F050F9 = {
			isa = PBXGroup;
			children = (
				14D8C526192CF49000F050F9 /* CollectionTransitionStudy */,
				14D8C545192CF49000F050F9 /* CollectionTransitionStudyTests */,
				14D8C51F192CF49000F050F9 /* Frameworks */,
				14D8C51E192CF49000F050F9 /* Products */,
			);
			sourceTree = "<group>";
		};
		14D8C51E192CF49000F050F9 /* Products */ = {
			isa = PBXGroup;
			children = (
				14D8C51D192CF49000F050F9 /* CollectionTransitionStudy.app */,
				14D8C53E192CF49000F050F9 /* CollectionTransitionStudyTests.xctest */,
			);
			name = Products;
			sourceTree = "<group>";
		};
		14D8C51F192CF49000F050F9 /* Frameworks */ = {
			isa = PBXGroup;
			children = (
				14D8C520192CF49000F050F9 /* Foundation.framework */,
				14D8C522192CF49000F050F9 /* CoreGraphics.framework */,
				14D8C524192CF49000F050F9 /* UIKit.framework */,
				14D8C53F192CF49000F050F9 /* XCTest.framework */,
			);
			name = Frameworks;
			sourceTree = "<group>";
		};
		14D8C526192CF49000F050F9 /* CollectionTransitionStudy */ = {
			isa = PBXGroup;
			children = (
				14D8C52F192CF49000F050F9 /* MYAppDelegate.h */,
				14D8C530192CF49000F050F9 /* MYAppDelegate.m */,
				14D8C532192CF49000F050F9 /* Main.storyboard */,
				14D8C535192CF49000F050F9 /* MYViewController.h */,
				14D8C536192CF49000F050F9 /* MYViewController.m */,
				14D8C538192CF49000F050F9 /* Images.xcassets */,
				14D8C527192CF49000F050F9 /* Supporting Files */,
			);
			path = CollectionTransitionStudy;
			sourceTree = "<group>";
		};
		14D8C527192CF49000F050F9 /* Supporting Files */ = {
			isa = PBXGroup;
			children = (
				14D8C528192CF49000F050F9 /* CollectionTransitionStudy-Info.plist */,
				14D8C529192CF49000F050F9 /* InfoPlist.strings */,
				14D8C52C192CF49000F050F9 /* main.m */,
				14D8C52E192CF49000F050F9 /* CollectionTransitionStudy-Prefix.pch */,
			);
			name = "Supporting Files";
			sourceTree = "<group>";
		};
		14D8C545192CF49000F050F9 /* CollectionTransitionStudyTests */ = {
			isa = PBXGroup;
			children = (
				14D8C54B192CF49000F050F9 /* CollectionTransitionStudyTests.m */,
				14D8C546192CF49000F050F9 /* Supporting Files */,
			);
			path = CollectionTransitionStudyTests;
			sourceTree = "<group>";
		};
		14D8C546192CF49000F050F9 /* Supporting Files */ = {
			isa = PBXGroup;
			children = (
				14D8C547192CF49000F050F9 /* CollectionTransitionStudyTests-Info.plist */,
				14D8C548192CF49000F050F9 /* InfoPlist.strings */,
			);
			name = "Supporting Files";
			sourceTree = "<group>";
		};
/* End PBXGroup section */

/* Begin PBXNativeTarget section */
		14D8C51C192CF49000F050F9 /* CollectionTransitionStudy */ = {
			isa = PBXNativeTarget;
			buildConfigurationList = 14D8C54F192CF49000F050F9 /* Build configuration list for PBXNativeTarget "CollectionTransitionStudy" */;
			buildPhases = (
				14D8C519192CF49000F050F9 /* Sources */,
				14D8C51A192CF49000F050F9 /* Frameworks */,
				14D8C51B192CF49000F050F9 /* Resources */,
			);
			buildRules = (
			);
			dependencies = (
			);
			name = CollectionTransitionStudy;
			productName = CollectionTransitionStudy;
			productReference = 14D8C51D192CF49000F050F9 /* CollectionTransitionStudy.app */;
			productType = "com.apple.product-type.application";
		};
		14D8C53D192CF49000F050F9 /* CollectionTransitionStudyTests */ = {
			isa = PBXNativeTarget;
			buildConfigurationList = 14D8C552192CF49000F050F9 /* Build configuration list for PBXNativeTarget "CollectionTransitionStudyTests" */;
			buildPhases = (
				14D8C53A192CF49000F050F9 /* Sources */,
				14D8C53B192CF49000F050F9 /* Frameworks */,
				14D8C53C192CF49000F050F9 /* Resources */,
			);
			buildRules = (
			);
			dependencies = (
				14D8C544192CF49000F050F9 /* PBXTargetDependency */,
			);
			name = CollectionTransitionStudyTests;
			productName = CollectionTransitionStudyTests;
			productReference = 14D8C53E192CF49000F050F9 /* CollectionTransitionStudyTests.xctest */;
			productType = "com.apple.product-type.bundle.unit-test";
		};
/* End PBXNativeTarget section */

/* Begin PBXProject section */
		14D8C515192CF49000F050F9 /* Project object */ = {
			isa = PBXProject;
			attributes = {
				CLASSPREFIX = MY;
				LastUpgradeCheck = 0510;
				ORGANIZATIONNAME = yad;
				TargetAttributes = {
					14D8C53D192CF49000F050F9 = {
						TestTargetID = 14D8C51C192CF49000F050F9;
					};
				};
			};
			buildConfigurationList = 14D8C518192CF49000F050F9 /* Build configuration list for PBXProject "CollectionTransitionStudy" */;
			compatibilityVersion = "Xcode 3.2";
			developmentRegion = English;
			hasScannedForEncodings = 0;
			knownRegions = (
				en,
				Base,
			);
			mainGroup = 14D8C514192CF49000F050F9;
			productRefGroup = 14D8C51E192CF49000F050F9 /* Products */;
			projectDirPath = "";
			projectRoot = "";
			targets = (
				14D8C51C192CF49000F050F9 /* CollectionTransitionStudy */,
				14D8C53D192CF49000F050F9 /* CollectionTransitionStudyTests */,
			);
		};
/* End PBXProject section */

/* Begin PBXResourcesBuildPhase section */
		14D8C51B192CF49000F050F9 /* Resources */ = {
			isa = PBXResourcesBuildPhase;
			buildActionMask = 2147483647;
			files = (
				14D8C539192CF49000F050F9 /* Images.xcassets in Resources */,
				14D8C52B192CF49000F050F9 /* InfoPlist.strings in Resources */,
				14D8C534192CF49000F050F9 /* Main.storyboard in Resources */,
			);
			runOnlyForDeploymentPostprocessing = 0;
		};
		14D8C53C192CF49000F050F9 /* Resources */ = {
			isa = PBXResourcesBuildPhase;
			buildActionMask = 2147483647;
			files = (
				14D8C54A192CF49000F050F9 /* InfoPlist.strings in Resources */,
			);
			runOnlyForDeploymentPostprocessing = 0;
		};
/* End PBXResourcesBuildPhase section */

/* Begin PBXSourcesBuildPhase section */
		14D8C519192CF49000F050F9 /* Sources */ = {
			isa = PBXSourcesBuildPhase;
			buildActionMask = 2147483647;
			files = (
				14D8C537192CF49000F050F9 /* MYViewController.m in Sources */,
				14D8C531192CF49000F050F9 /* MYAppDelegate.m in Sources */,
				14D8C52D192CF49000F050F9 /* main.m in Sources */,
			);
			runOnlyForDeploymentPostprocessing = 0;
		};
		14D8C53A192CF49000F050F9 /* Sources */ = {
			isa = PBXSourcesBuildPhase;
			buildActionMask = 2147483647;
			files = (
				14D8C54C192CF49000F050F9 /* CollectionTransitionStudyTests.m in Sources */,
			);
			runOnlyForDeploymentPostprocessing = 0;
		};
/* End PBXSourcesBuildPhase section */

/* Begin PBXTargetDependency section */
		14D8C544192CF49000F050F9 /* PBXTargetDependency */ = {
			isa = PBXTargetDependency;
			target = 14D8C51C192CF49000F050F9 /* CollectionTransitionStudy */;
			targetProxy = 14D8C543192CF49000F050F9 /* PBXContainerItemProxy */;
		};
/* End PBXTargetDependency section */

/* Begin PBXVariantGroup section */
		14D8C529192CF49000F050F9 /* InfoPlist.strings */ = {
			isa = PBXVariantGroup;
			children = (
				14D8C52A192CF49000F050F9 /* en */,
			);
			name = InfoPlist.strings;
			sourceTree = "<group>";
		};
		14D8C532192CF49000F050F9 /* Main.storyboard */ = {
			isa = PBXVariantGroup;
			children = (
				14D8C533192CF49000F050F9 /* Base */,
			);
			name = Main.storyboard;
			sourceTree = "<group>";
		};
		14D8C548192CF49000F050F9 /* InfoPlist.strings */ = {
			isa = PBXVariantGroup;
			children = (
				14D8C549192CF49000F050F9 /* en */,
			);
			name = InfoPlist.strings;
			sourceTree = "<group>";
		};
/* End PBXVariantGroup section */

/* Begin XCBuildConfiguration section */
		14D8C54D192CF49000F050F9 /* Debug */ = {
			isa = XCBuildConfiguration;
			buildSettings = {
				ALWAYS_SEARCH_USER_PATHS = NO;
				CLANG_CXX_LANGUAGE_STANDARD = "gnu++0x";
				CLANG_CXX_LIBRARY = "libc++";
				CLANG_ENABLE_MODULES = YES;
				CLANG_ENABLE_OBJC_ARC = YES;
				CLANG_WARN_BOOL_CONVERSION = YES;
				CLANG_WARN_CONSTANT_CONVERSION = YES;
				CLANG_WARN_DIRECT_OBJC_ISA_USAGE = YES_ERROR;
				CLANG_WARN_EMPTY_BODY = YES;
				CLANG_WARN_ENUM_CONVERSION = YES;
				CLANG_WARN_INT_CONVERSION = YES;
				CLANG_WARN_OBJC_ROOT_CLASS = YES_ERROR;
				CLANG_WARN__DUPLICATE_METHOD_MATCH = YES;
				"CODE_SIGN_IDENTITY[sdk=iphoneos*]" = "iPhone Developer";
				COPY_PHASE_STRIP = NO;
				GCC_C_LANGUAGE_STANDARD = gnu99;
				GCC_DYNAMIC_NO_PIC = NO;
				GCC_OPTIMIZATION_LEVEL = 0;
				GCC_PREPROCESSOR_DEFINITIONS = (
					"DEBUG=1",
					"$(inherited)",
				);
				GCC_SYMBOLS_PRIVATE_EXTERN = NO;
				GCC_WARN_64_TO_32_BIT_CONVERSION = YES;
				GCC_WARN_ABOUT_RETURN_TYPE = YES_ERROR;
				GCC_WARN_UNDECLARED_SELECTOR = YES;
				GCC_WARN_UNINITIALIZED_AUTOS = YES_AGGRESSIVE;
				GCC_WARN_UNUSED_FUNCTION = YES;
				GCC_WARN_UNUSED_VARIABLE = YES;
				IPHONEOS_DEPLOYMENT_TARGET = 7.1;
				ONLY_ACTIVE_ARCH = YES;
				SDKROOT = iphoneos;
			};
			name = Debug;
		};
		14D8C54E192CF49000F050F9 /* Release */ = {
			isa = XCBuildConfiguration;
			buildSettings = {
				ALWAYS_SEARCH_USER_PATHS = NO;
				CLANG_CXX_LANGUAGE_STANDARD = "gnu++0x";
				CLANG_CXX_LIBRARY = "libc++";
				CLANG_ENABLE_MODULES = YES;
				CLANG_ENABLE_OBJC_ARC = YES;
				CLANG_WARN_BOOL_CONVERSION = YES;
				CLANG_WARN_CONSTANT_CONVERSION = YES;
				CLANG_WARN_DIRECT_OBJC_ISA_USAGE = YES_ERROR;
				CLANG_WARN_EMPTY_BODY = YES;
				CLANG_WARN_ENUM_CONVERSION = YES;
				CLANG_WARN_INT_CONVERSION = YES;
				CLANG_WARN_OBJC_ROOT_CLASS = YES_ERROR;
				CLANG_WARN__DUPLICATE_METHOD_MATCH = YES;
				"CODE_SIGN_IDENTITY[sdk=iphoneos*]" = "iPhone Developer";
				COPY_PHASE_STRIP = YES;
				ENABLE_NS_ASSERTIONS = NO;
				GCC_C_LANGUAGE_STANDARD = gnu99;
				GCC_WARN_64_TO_32_BIT_CONVERSION = YES;
				GCC_WARN_ABOUT_RETURN_TYPE = YES_ERROR;
				GCC_WARN_UNDECLARED_SELECTOR = YES;
				GCC_WARN_UNINITIALIZED_AUTOS = YES_AGGRESSIVE;
				GCC_WARN_UNUSED_FUNCTION = YES;
				GCC_WARN_UNUSED_VARIABLE = YES;
				IPHONEOS_DEPLOYMENT_TARGET = 7.1;
				SDKROOT = iphoneos;
				VALIDATE_PRODUCT = YES;
			};
			name = Release;
		};
		14D8C550192CF49000F050F9 /* Debug */ = {
			isa = XCBuildConfiguration;
			buildSettings = {
				ASSETCATALOG_COMPILER_APPICON_NAME = AppIcon;
				ASSETCATALOG_COMPILER_LAUNCHIMAGE_NAME = LaunchImage;
				GCC_PRECOMPILE_PREFIX_HEADER = YES;
				GCC_PREFIX_HEADER = "CollectionTransitionStudy/CollectionTransitionStudy-Prefix.pch";
				INFOPLIST_FILE = "CollectionTransitionStudy/CollectionTransitionStudy-Info.plist";
				PRODUCT_NAME = "$(TARGET_NAME)";
				WRAPPER_EXTENSION = app;
			};
			name = Debug;
		};
		14D8C551192CF49000F050F9 /* Release */ = {
			isa = XCBuildConfiguration;
			buildSettings = {
				ASSETCATALOG_COMPILER_APPICON_NAME = AppIcon;
				ASSETCATALOG_COMPILER_LAUNCHIMAGE_NAME = LaunchImage;
				GCC_PRECOMPILE_PREFIX_HEADER = YES;
				GCC_PREFIX_HEADER = "CollectionTransitionStudy/CollectionTransitionStudy-Prefix.pch";
				INFOPLIST_FILE = "CollectionTransitionStudy/CollectionTransitionStudy-Info.plist";
				PRODUCT_NAME = "$(TARGET_NAME)";
				WRAPPER_EXTENSION = app;
			};
			name = Release;
		};
		14D8C553192CF49000F050F9 /* Debug */ = {
			isa = XCBuildConfiguration;
			buildSettings = {
				BUNDLE_LOADER = "$(BUILT_PRODUCTS_DIR)/CollectionTransitionStudy.app/CollectionTransitionStudy";
				FRAMEWORK_SEARCH_PATHS = (
					"$(SDKROOT)/Developer/Library/Frameworks",
					"$(inherited)",
					"$(DEVELOPER_FRAMEWORKS_DIR)",
				);
				GCC_PRECOMPILE_PREFIX_HEADER = YES;
				GCC_PREFIX_HEADER = "CollectionTransitionStudy/CollectionTransitionStudy-Prefix.pch";
				GCC_PREPROCESSOR_DEFINITIONS = (
					"DEBUG=1",
					"$(inherited)",
				);
				INFOPLIST_FILE = "CollectionTransitionStudyTests/CollectionTransitionStudyTests-Info.plist";
				PRODUCT_NAME = "$(TARGET_NAME)";
				TEST_HOST = "$(BUNDLE_LOADER)";
				WRAPPER_EXTENSION = xctest;
			};
			name = Debug;
		};
		14D8C554192CF49000F050F9 /* Release */ = {
			isa = XCBuildConfiguration;
			buildSettings = {
				BUNDLE_LOADER = "$(BUILT_PRODUCTS_DIR)/CollectionTransitionStudy.app/CollectionTransitionStudy";
				FRAMEWORK_SEARCH_PATHS = (
					"$(SDKROOT)/Developer/Library/Frameworks",
					"$(inherited)",
					"$(DEVELOPER_FRAMEWORKS_DIR)",
				);
				GCC_PRECOMPILE_PREFIX_HEADER = YES;
				GCC_PREFIX_HEADER = "CollectionTransitionStudy/CollectionTransitionStudy-Prefix.pch";
				INFOPLIST_FILE = "CollectionTransitionStudyTests/CollectionTransitionStudyTests-Info.plist";
				PRODUCT_NAME = "$(TARGET_NAME)";
				TEST_HOST = "$(BUNDLE_LOADER)";
				WRAPPER_EXTENSION = xctest;
			};
			name = Release;
		};
/* End XCBuildConfiguration section */

/* Begin XCConfigurationList section */
		14D8C518192CF49000F050F9 /* Build configuration list for PBXProject "CollectionTransitionStudy" */ = {
			isa = XCConfigurationList;
			buildConfigurations = (
				14D8C54D192CF49000F050F9 /* Debug */,
				14D8C54E192CF49000F050F9 /* Release */,
			);
			defaultConfigurationIsVisible = 0;
			defaultConfigurationName = Release;
		};
		14D8C54F192CF49000F050F9 /* Build configuration list for PBXNativeTarget "CollectionTransitionStudy" */ = {
			isa = XCConfigurationList;
			buildConfigurations = (
				14D8C550192CF49000F050F9 /* Debug */,
				14D8C551192CF49000F050F9 /* Release */,
			);
			defaultConfigurationIsVisible = 0;
		};
		14D8C552192CF49000F050F9 /* Build configuration list for PBXNativeTarget "CollectionTransitionStudyTests" */ = {
			isa = XCConfigurationList;
			buildConfigurations = (
				14D8C553192CF49000F050F9 /* Debug */,
				14D8C554192CF49000F050F9 /* Release */,
			);
			defaultConfigurationIsVisible = 0;
		};
/* End XCConfigurationList section */
	};
	rootObject = 14D8C515192CF49000F050F9 /* Project object */;
}
